// !$*UTF8*$!
{
	archiveVersion = 1;
	classes = {
	};
	objectVersion = 51;
	objects = {

/* Begin PBXBuildFile section */
		058557BB273AAA24004C7B11 /* Assets.xcassets in Resources */ = {isa = PBXBuildFile; fileRef = 058557BA273AAA24004C7B11 /* Assets.xcassets */; };
		058557D9273AAEEB004C7B11 /* Preview Assets.xcassets in Resources */ = {isa = PBXBuildFile; fileRef = 058557D8273AAEEB004C7B11 /* Preview Assets.xcassets */; };
		2152FB042600AC8F00CF470E /* iOSApp.swift in Sources */ = {isa = PBXBuildFile; fileRef = 2152FB032600AC8F00CF470E /* iOSApp.swift */; };
		36566BE6A7E9FFB763668CB6 /* Pods_iosApp.framework in Frameworks */ = {isa = PBXBuildFile; fileRef = 2AD0E6DBF9901663F6AFF9C6 /* Pods_iosApp.framework */; };
		7555FF83242A565900829871 /* ContentView.swift in Sources */ = {isa = PBXBuildFile; fileRef = 7555FF82242A565900829871 /* ContentView.swift */; };
		B20BFD032819CEE30010CAB9 /* Localizable.strings in Resources */ = {isa = PBXBuildFile; fileRef = B20BFD052819CEE30010CAB9 /* Localizable.strings */; };
		B20BFD092819D1A30010CAB9 /* InfoPlist.strings in Resources */ = {isa = PBXBuildFile; fileRef = B20BFD0B2819D1A30010CAB9 /* InfoPlist.strings */; };
		B233AA38281575F5003160C8 /* LoginViewModel.swift in Sources */ = {isa = PBXBuildFile; fileRef = B233AA37281575F5003160C8 /* LoginViewModel.swift */; };
		B233AA3A2815BE24003160C8 /* CombineAdapters.swift in Sources */ = {isa = PBXBuildFile; fileRef = B233AA392815BE24003160C8 /* CombineAdapters.swift */; };
		B233AA3C2815BFE2003160C8 /* Koin.swift in Sources */ = {isa = PBXBuildFile; fileRef = B233AA3B2815BFE2003160C8 /* Koin.swift */; };
		B233AA3E2815CAF9003160C8 /* LoginView.swift in Sources */ = {isa = PBXBuildFile; fileRef = B233AA3D2815CAF9003160C8 /* LoginView.swift */; };
		B233AA402815CB07003160C8 /* ListView.swift in Sources */ = {isa = PBXBuildFile; fileRef = B233AA3F2815CB07003160C8 /* ListView.swift */; };
		B2EDCB0028170333000A0088 /* ThemeConstants.swift in Sources */ = {isa = PBXBuildFile; fileRef = B2EDCAFF28170333000A0088 /* ThemeConstants.swift */; };
		B2EDCB3928172FA0000A0088 /* Montserrat-Italic.ttf in Resources */ = {isa = PBXBuildFile; fileRef = B2EDCB3328172FA0000A0088 /* Montserrat-Italic.ttf */; };
		B2EDCB3A28172FA0000A0088 /* Montserrat-Medium.ttf in Resources */ = {isa = PBXBuildFile; fileRef = B2EDCB3428172FA0000A0088 /* Montserrat-Medium.ttf */; };
		B2EDCB3B28172FA0000A0088 /* Montserrat-Light.ttf in Resources */ = {isa = PBXBuildFile; fileRef = B2EDCB3528172FA0000A0088 /* Montserrat-Light.ttf */; };
		B2EDCB3C28172FA0000A0088 /* Montserrat-MediumItalic.ttf in Resources */ = {isa = PBXBuildFile; fileRef = B2EDCB3628172FA0000A0088 /* Montserrat-MediumItalic.ttf */; };
		B2EDCB3D28172FA0000A0088 /* Montserrat-Regular.ttf in Resources */ = {isa = PBXBuildFile; fileRef = B2EDCB3728172FA0000A0088 /* Montserrat-Regular.ttf */; };
		B2EDCB3E28172FA0000A0088 /* Montserrat-Thin.ttf in Resources */ = {isa = PBXBuildFile; fileRef = B2EDCB3828172FA0000A0088 /* Montserrat-Thin.ttf */; };
		B2EDCB4028173AC6000A0088 /* NavigationBarModifier.swift in Sources */ = {isa = PBXBuildFile; fileRef = B2EDCB3F28173AC6000A0088 /* NavigationBarModifier.swift */; };
		B2EDCB4228173E68000A0088 /* StatusBarController.swift in Sources */ = {isa = PBXBuildFile; fileRef = B2EDCB4128173E68000A0088 /* StatusBarController.swift */; };
		B2EDCB4428174719000A0088 /* RootNavigationBar.swift in Sources */ = {isa = PBXBuildFile; fileRef = B2EDCB4328174719000A0088 /* RootNavigationBar.swift */; };
		B2EDCB4628174C01000A0088 /* AppRootView.swift in Sources */ = {isa = PBXBuildFile; fileRef = B2EDCB4528174C01000A0088 /* AppRootView.swift */; };
/* End PBXBuildFile section */

/* Begin PBXFileReference section */
		058557BA273AAA24004C7B11 /* Assets.xcassets */ = {isa = PBXFileReference; lastKnownFileType = folder.assetcatalog; path = Assets.xcassets; sourceTree = "<group>"; };
		058557D8273AAEEB004C7B11 /* Preview Assets.xcassets */ = {isa = PBXFileReference; lastKnownFileType = folder.assetcatalog; path = "Preview Assets.xcassets"; sourceTree = "<group>"; };
		2152FB032600AC8F00CF470E /* iOSApp.swift */ = {isa = PBXFileReference; lastKnownFileType = sourcecode.swift; path = iOSApp.swift; sourceTree = "<group>"; };
		2AD0E6DBF9901663F6AFF9C6 /* Pods_iosApp.framework */ = {isa = PBXFileReference; explicitFileType = wrapper.framework; includeInIndex = 0; path = Pods_iosApp.framework; sourceTree = BUILT_PRODUCTS_DIR; };
		5D1B3660055ED13973AD9015 /* Pods-iosApp.debug.xcconfig */ = {isa = PBXFileReference; includeInIndex = 1; lastKnownFileType = text.xcconfig; name = "Pods-iosApp.debug.xcconfig"; path = "Target Support Files/Pods-iosApp/Pods-iosApp.debug.xcconfig"; sourceTree = "<group>"; };
		7555FF7B242A565900829871 /* iosApp.app */ = {isa = PBXFileReference; explicitFileType = wrapper.application; includeInIndex = 0; path = iosApp.app; sourceTree = BUILT_PRODUCTS_DIR; };
		7555FF82242A565900829871 /* ContentView.swift */ = {isa = PBXFileReference; lastKnownFileType = sourcecode.swift; path = ContentView.swift; sourceTree = "<group>"; };
		7555FF8C242A565B00829871 /* Info.plist */ = {isa = PBXFileReference; lastKnownFileType = text.plist.xml; path = Info.plist; sourceTree = "<group>"; };
		8FDA6E1E462E69A5569652D0 /* Pods-iosApp.release.xcconfig */ = {isa = PBXFileReference; includeInIndex = 1; lastKnownFileType = text.xcconfig; name = "Pods-iosApp.release.xcconfig"; path = "Target Support Files/Pods-iosApp/Pods-iosApp.release.xcconfig"; sourceTree = "<group>"; };
		B20BFD042819CEE30010CAB9 /* en */ = {isa = PBXFileReference; lastKnownFileType = text.plist.strings; name = en; path = en.lproj/Localizable.strings; sourceTree = "<group>"; };
		B20BFD062819CFCC0010CAB9 /* sv */ = {isa = PBXFileReference; lastKnownFileType = text.plist.strings; name = sv; path = sv.lproj/Localizable.strings; sourceTree = "<group>"; };
		B20BFD0A2819D1A30010CAB9 /* en */ = {isa = PBXFileReference; lastKnownFileType = text.plist.strings; name = en; path = en.lproj/InfoPlist.strings; sourceTree = "<group>"; };
		B20BFD0C2819D1A50010CAB9 /* sv */ = {isa = PBXFileReference; lastKnownFileType = text.plist.strings; name = sv; path = sv.lproj/InfoPlist.strings; sourceTree = "<group>"; };
		B233AA37281575F5003160C8 /* LoginViewModel.swift */ = {isa = PBXFileReference; lastKnownFileType = sourcecode.swift; path = LoginViewModel.swift; sourceTree = "<group>"; };
		B233AA392815BE24003160C8 /* CombineAdapters.swift */ = {isa = PBXFileReference; lastKnownFileType = sourcecode.swift; path = CombineAdapters.swift; sourceTree = "<group>"; };
		B233AA3B2815BFE2003160C8 /* Koin.swift */ = {isa = PBXFileReference; lastKnownFileType = sourcecode.swift; path = Koin.swift; sourceTree = "<group>"; };
		B233AA3D2815CAF9003160C8 /* LoginView.swift */ = {isa = PBXFileReference; lastKnownFileType = sourcecode.swift; path = LoginView.swift; sourceTree = "<group>"; };
		B233AA3F2815CB07003160C8 /* ListView.swift */ = {isa = PBXFileReference; lastKnownFileType = sourcecode.swift; path = ListView.swift; sourceTree = "<group>"; };
		B2EDCAFF28170333000A0088 /* ThemeConstants.swift */ = {isa = PBXFileReference; lastKnownFileType = sourcecode.swift; path = ThemeConstants.swift; sourceTree = "<group>"; };
		B2EDCB3328172FA0000A0088 /* Montserrat-Italic.ttf */ = {isa = PBXFileReference; lastKnownFileType = file; path = "Montserrat-Italic.ttf"; sourceTree = "<group>"; };
		B2EDCB3428172FA0000A0088 /* Montserrat-Medium.ttf */ = {isa = PBXFileReference; lastKnownFileType = file; path = "Montserrat-Medium.ttf"; sourceTree = "<group>"; };
		B2EDCB3528172FA0000A0088 /* Montserrat-Light.ttf */ = {isa = PBXFileReference; lastKnownFileType = file; path = "Montserrat-Light.ttf"; sourceTree = "<group>"; };
		B2EDCB3628172FA0000A0088 /* Montserrat-MediumItalic.ttf */ = {isa = PBXFileReference; lastKnownFileType = file; path = "Montserrat-MediumItalic.ttf"; sourceTree = "<group>"; };
		B2EDCB3728172FA0000A0088 /* Montserrat-Regular.ttf */ = {isa = PBXFileReference; lastKnownFileType = file; path = "Montserrat-Regular.ttf"; sourceTree = "<group>"; };
		B2EDCB3828172FA0000A0088 /* Montserrat-Thin.ttf */ = {isa = PBXFileReference; lastKnownFileType = file; path = "Montserrat-Thin.ttf"; sourceTree = "<group>"; };
		B2EDCB3F28173AC6000A0088 /* NavigationBarModifier.swift */ = {isa = PBXFileReference; lastKnownFileType = sourcecode.swift; path = NavigationBarModifier.swift; sourceTree = "<group>"; };
		B2EDCB4128173E68000A0088 /* StatusBarController.swift */ = {isa = PBXFileReference; lastKnownFileType = sourcecode.swift; path = StatusBarController.swift; sourceTree = "<group>"; };
		B2EDCB4328174719000A0088 /* RootNavigationBar.swift */ = {isa = PBXFileReference; lastKnownFileType = sourcecode.swift; path = RootNavigationBar.swift; sourceTree = "<group>"; };
		B2EDCB4528174C01000A0088 /* AppRootView.swift */ = {isa = PBXFileReference; lastKnownFileType = sourcecode.swift; path = AppRootView.swift; sourceTree = "<group>"; };
/* End PBXFileReference section */

/* Begin PBXFrameworksBuildPhase section */
		2AEA183D27736C8CC22067C7 /* Frameworks */ = {
			isa = PBXFrameworksBuildPhase;
			buildActionMask = 2147483647;
			files = (
				36566BE6A7E9FFB763668CB6 /* Pods_iosApp.framework in Frameworks */,
			);
			runOnlyForDeploymentPostprocessing = 0;
		};
/* End PBXFrameworksBuildPhase section */

/* Begin PBXGroup section */
		058557D7273AAEEB004C7B11 /* Preview Content */ = {
			isa = PBXGroup;
			children = (
				058557D8273AAEEB004C7B11 /* Preview Assets.xcassets */,
			);
			path = "Preview Content";
			sourceTree = "<group>";
		};
		69BFFDA82AEF7501C2551C53 /* Pods */ = {
			isa = PBXGroup;
			children = (
				5D1B3660055ED13973AD9015 /* Pods-iosApp.debug.xcconfig */,
				8FDA6E1E462E69A5569652D0 /* Pods-iosApp.release.xcconfig */,
			);
			path = Pods;
			sourceTree = "<group>";
		};
		7555FF72242A565900829871 = {
			isa = PBXGroup;
			children = (
				7555FF7D242A565900829871 /* iosApp */,
				7555FF7C242A565900829871 /* Products */,
				69BFFDA82AEF7501C2551C53 /* Pods */,
				FC00596E8419EF6FAE16AA49 /* Frameworks */,
			);
			sourceTree = "<group>";
		};
		7555FF7C242A565900829871 /* Products */ = {
			isa = PBXGroup;
			children = (
				7555FF7B242A565900829871 /* iosApp.app */,
			);
			name = Products;
			sourceTree = "<group>";
		};
		7555FF7D242A565900829871 /* iosApp */ = {
			isa = PBXGroup;
			children = (
				B2EDCB0128171450000A0088 /* fonts */,
				B2EDCB24281717A7000A0088 /* Theme */,
				B2E057AE28156E94002E1059 /* Views */,
				B233AA392815BE24003160C8 /* CombineAdapters.swift */,
				B233AA3B2815BFE2003160C8 /* Koin.swift */,
				2152FB032600AC8F00CF470E /* iOSApp.swift */,
				058557BA273AAA24004C7B11 /* Assets.xcassets */,
				7555FF8C242A565B00829871 /* Info.plist */,
				B20BFD0B2819D1A30010CAB9 /* InfoPlist.strings */,
				B20BFD052819CEE30010CAB9 /* Localizable.strings */,
				058557D7273AAEEB004C7B11 /* Preview Content */,
			);
			path = iosApp;
			sourceTree = "<group>";
		};
		B2E057AE28156E94002E1059 /* Views */ = {
			isa = PBXGroup;
			children = (
				7555FF82242A565900829871 /* ContentView.swift */,
				B233AA37281575F5003160C8 /* LoginViewModel.swift */,
				B233AA3D2815CAF9003160C8 /* LoginView.swift */,
				B233AA3F2815CB07003160C8 /* ListView.swift */,
				B2EDCB4528174C01000A0088 /* AppRootView.swift */,
			);
			path = Views;
			sourceTree = "<group>";
		};
		B2EDCB0128171450000A0088 /* fonts */ = {
			isa = PBXGroup;
			children = (
				B2EDCB3328172FA0000A0088 /* Montserrat-Italic.ttf */,
				B2EDCB3528172FA0000A0088 /* Montserrat-Light.ttf */,
				B2EDCB3428172FA0000A0088 /* Montserrat-Medium.ttf */,
				B2EDCB3628172FA0000A0088 /* Montserrat-MediumItalic.ttf */,
				B2EDCB3728172FA0000A0088 /* Montserrat-Regular.ttf */,
				B2EDCB3828172FA0000A0088 /* Montserrat-Thin.ttf */,
			);
			path = fonts;
			sourceTree = "<group>";
		};
		B2EDCB24281717A7000A0088 /* Theme */ = {
			isa = PBXGroup;
			children = (
				B2EDCAFF28170333000A0088 /* ThemeConstants.swift */,
				B2EDCB3F28173AC6000A0088 /* NavigationBarModifier.swift */,
				B2EDCB4128173E68000A0088 /* StatusBarController.swift */,
				B2EDCB4328174719000A0088 /* RootNavigationBar.swift */,
			);
			path = Theme;
			sourceTree = "<group>";
		};
		FC00596E8419EF6FAE16AA49 /* Frameworks */ = {
			isa = PBXGroup;
			children = (
				2AD0E6DBF9901663F6AFF9C6 /* Pods_iosApp.framework */,
			);
			name = Frameworks;
			sourceTree = "<group>";
		};
/* End PBXGroup section */

/* Begin PBXNativeTarget section */
		7555FF7A242A565900829871 /* iosApp */ = {
			isa = PBXNativeTarget;
			buildConfigurationList = 7555FFA5242A565B00829871 /* Build configuration list for PBXNativeTarget "iosApp" */;
			buildPhases = (
				2062D8FE2818F735B588E758 /* [CP] Check Pods Manifest.lock */,
				7555FF77242A565900829871 /* Sources */,
				7555FF79242A565900829871 /* Resources */,
				2AEA183D27736C8CC22067C7 /* Frameworks */,
				714B4D95AFF50A6BB325F739 /* [CP] Embed Pods Frameworks */,
			);
			buildRules = (
			);
			dependencies = (
			);
			name = iosApp;
			productName = iosApp;
			productReference = 7555FF7B242A565900829871 /* iosApp.app */;
			productType = "com.apple.product-type.application";
		};
/* End PBXNativeTarget section */

/* Begin PBXProject section */
		7555FF73242A565900829871 /* Project object */ = {
			isa = PBXProject;
			attributes = {
				LastSwiftUpdateCheck = 1130;
				LastUpgradeCheck = 1130;
				ORGANIZATIONNAME = orgName;
				TargetAttributes = {
					7555FF7A242A565900829871 = {
						CreatedOnToolsVersion = 11.3.1;
					};
				};
			};
			buildConfigurationList = 7555FF76242A565900829871 /* Build configuration list for PBXProject "iosApp" */;
			compatibilityVersion = "Xcode 9.3";
			developmentRegion = en;
			hasScannedForEncodings = 0;
			knownRegions = (
				en,
				Base,
				sv,
			);
			mainGroup = 7555FF72242A565900829871;
			productRefGroup = 7555FF7C242A565900829871 /* Products */;
			projectDirPath = "";
			projectRoot = "";
			targets = (
				7555FF7A242A565900829871 /* iosApp */,
			);
		};
/* End PBXProject section */

/* Begin PBXResourcesBuildPhase section */
		7555FF79242A565900829871 /* Resources */ = {
			isa = PBXResourcesBuildPhase;
			buildActionMask = 2147483647;
			files = (
				B2EDCB3E28172FA0000A0088 /* Montserrat-Thin.ttf in Resources */,
				B2EDCB3A28172FA0000A0088 /* Montserrat-Medium.ttf in Resources */,
				058557D9273AAEEB004C7B11 /* Preview Assets.xcassets in Resources */,
				058557BB273AAA24004C7B11 /* Assets.xcassets in Resources */,
				B20BFD032819CEE30010CAB9 /* Localizable.strings in Resources */,
				B2EDCB3D28172FA0000A0088 /* Montserrat-Regular.ttf in Resources */,
				B2EDCB3928172FA0000A0088 /* Montserrat-Italic.ttf in Resources */,
				B2EDCB3C28172FA0000A0088 /* Montserrat-MediumItalic.ttf in Resources */,
				B2EDCB3B28172FA0000A0088 /* Montserrat-Light.ttf in Resources */,
				B20BFD092819D1A30010CAB9 /* InfoPlist.strings in Resources */,
			);
			runOnlyForDeploymentPostprocessing = 0;
		};
/* End PBXResourcesBuildPhase section */

/* Begin PBXShellScriptBuildPhase section */
		2062D8FE2818F735B588E758 /* [CP] Check Pods Manifest.lock */ = {
			isa = PBXShellScriptBuildPhase;
			buildActionMask = 2147483647;
			files = (
			);
			inputFileListPaths = (
			);
			inputPaths = (
				"${PODS_PODFILE_DIR_PATH}/Podfile.lock",
				"${PODS_ROOT}/Manifest.lock",
			);
			name = "[CP] Check Pods Manifest.lock";
			outputFileListPaths = (
			);
			outputPaths = (
				"$(DERIVED_FILE_DIR)/Pods-iosApp-checkManifestLockResult.txt",
			);
			runOnlyForDeploymentPostprocessing = 0;
			shellPath = /bin/sh;
			shellScript = "diff \"${PODS_PODFILE_DIR_PATH}/Podfile.lock\" \"${PODS_ROOT}/Manifest.lock\" > /dev/null\nif [ $? != 0 ] ; then\n    # print error to STDERR\n    echo \"error: The sandbox is not in sync with the Podfile.lock. Run 'pod install' or update your CocoaPods installation.\" >&2\n    exit 1\nfi\n# This output is used by Xcode 'outputs' to avoid re-running this script phase.\necho \"SUCCESS\" > \"${SCRIPT_OUTPUT_FILE_0}\"\n";
			showEnvVarsInLog = 0;
		};
		714B4D95AFF50A6BB325F739 /* [CP] Embed Pods Frameworks */ = {
			isa = PBXShellScriptBuildPhase;
			buildActionMask = 2147483647;
			files = (
			);
			inputFileListPaths = (
				"${PODS_ROOT}/Target Support Files/Pods-iosApp/Pods-iosApp-frameworks-${CONFIGURATION}-input-files.xcfilelist",
			);
			name = "[CP] Embed Pods Frameworks";
			outputFileListPaths = (
				"${PODS_ROOT}/Target Support Files/Pods-iosApp/Pods-iosApp-frameworks-${CONFIGURATION}-output-files.xcfilelist",
			);
			runOnlyForDeploymentPostprocessing = 0;
			shellPath = /bin/sh;
			shellScript = "\"${PODS_ROOT}/Target Support Files/Pods-iosApp/Pods-iosApp-frameworks.sh\"\n";
			showEnvVarsInLog = 0;
		};
/* End PBXShellScriptBuildPhase section */

/* Begin PBXSourcesBuildPhase section */
		7555FF77242A565900829871 /* Sources */ = {
			isa = PBXSourcesBuildPhase;
			buildActionMask = 2147483647;
			files = (
				B233AA402815CB07003160C8 /* ListView.swift in Sources */,
				B2EDCB0028170333000A0088 /* ThemeConstants.swift in Sources */,
				B233AA3C2815BFE2003160C8 /* Koin.swift in Sources */,
				B2EDCB4228173E68000A0088 /* StatusBarController.swift in Sources */,
				B2EDCB4428174719000A0088 /* RootNavigationBar.swift in Sources */,
				B233AA3E2815CAF9003160C8 /* LoginView.swift in Sources */,
				B233AA38281575F5003160C8 /* LoginViewModel.swift in Sources */,
				2152FB042600AC8F00CF470E /* iOSApp.swift in Sources */,
				B2EDCB4628174C01000A0088 /* AppRootView.swift in Sources */,
				7555FF83242A565900829871 /* ContentView.swift in Sources */,
				B233AA3A2815BE24003160C8 /* CombineAdapters.swift in Sources */,
				B2EDCB4028173AC6000A0088 /* NavigationBarModifier.swift in Sources */,
			);
			runOnlyForDeploymentPostprocessing = 0;
		};
/* End PBXSourcesBuildPhase section */

/* Begin PBXVariantGroup section */
		B20BFD052819CEE30010CAB9 /* Localizable.strings */ = {
			isa = PBXVariantGroup;
			children = (
				B20BFD042819CEE30010CAB9 /* en */,
				B20BFD062819CFCC0010CAB9 /* sv */,
			);
			name = Localizable.strings;
			sourceTree = "<group>";
		};
		B20BFD0B2819D1A30010CAB9 /* InfoPlist.strings */ = {
			isa = PBXVariantGroup;
			children = (
				B20BFD0A2819D1A30010CAB9 /* en */,
				B20BFD0C2819D1A50010CAB9 /* sv */,
			);
			name = InfoPlist.strings;
			sourceTree = "<group>";
		};
/* End PBXVariantGroup section */

/* Begin XCBuildConfiguration section */
		7555FFA3242A565B00829871 /* Debug */ = {
			isa = XCBuildConfiguration;
			buildSettings = {
				ALWAYS_SEARCH_USER_PATHS = NO;
				CLANG_ANALYZER_LOCALIZABILITY_NONLOCALIZED = YES;
				CLANG_ANALYZER_NONNULL = YES;
				CLANG_ANALYZER_NUMBER_OBJECT_CONVERSION = YES_AGGRESSIVE;
				CLANG_CXX_LANGUAGE_STANDARD = "gnu++14";
				CLANG_CXX_LIBRARY = "libc++";
				CLANG_ENABLE_MODULES = YES;
				CLANG_ENABLE_OBJC_ARC = YES;
				CLANG_ENABLE_OBJC_WEAK = YES;
				CLANG_WARN_BLOCK_CAPTURE_AUTORELEASING = YES;
				CLANG_WARN_BOOL_CONVERSION = YES;
				CLANG_WARN_COMMA = YES;
				CLANG_WARN_CONSTANT_CONVERSION = YES;
				CLANG_WARN_DEPRECATED_OBJC_IMPLEMENTATIONS = YES;
				CLANG_WARN_DIRECT_OBJC_ISA_USAGE = YES_ERROR;
				CLANG_WARN_DOCUMENTATION_COMMENTS = YES;
				CLANG_WARN_EMPTY_BODY = YES;
				CLANG_WARN_ENUM_CONVERSION = YES;
				CLANG_WARN_INFINITE_RECURSION = YES;
				CLANG_WARN_INT_CONVERSION = YES;
				CLANG_WARN_NON_LITERAL_NULL_CONVERSION = YES;
				CLANG_WARN_OBJC_IMPLICIT_RETAIN_SELF = YES;
				CLANG_WARN_OBJC_LITERAL_CONVERSION = YES;
				CLANG_WARN_OBJC_ROOT_CLASS = YES_ERROR;
				CLANG_WARN_QUOTED_INCLUDE_IN_FRAMEWORK_HEADER = YES;
				CLANG_WARN_RANGE_LOOP_ANALYSIS = YES;
				CLANG_WARN_STRICT_PROTOTYPES = YES;
				CLANG_WARN_SUSPICIOUS_MOVE = YES;
				CLANG_WARN_UNGUARDED_AVAILABILITY = YES_AGGRESSIVE;
				CLANG_WARN_UNREACHABLE_CODE = YES;
				CLANG_WARN__DUPLICATE_METHOD_MATCH = YES;
				COPY_PHASE_STRIP = NO;
				DEBUG_INFORMATION_FORMAT = "dwarf-with-dsym";
				ENABLE_STRICT_OBJC_MSGSEND = YES;
				ENABLE_TESTABILITY = YES;
				GCC_C_LANGUAGE_STANDARD = gnu11;
				GCC_DYNAMIC_NO_PIC = NO;
				GCC_NO_COMMON_BLOCKS = YES;
				GCC_OPTIMIZATION_LEVEL = 0;
				GCC_PREPROCESSOR_DEFINITIONS = (
					"DEBUG=1",
					"$(inherited)",
				);
				GCC_WARN_64_TO_32_BIT_CONVERSION = YES;
				GCC_WARN_ABOUT_RETURN_TYPE = YES_ERROR;
				GCC_WARN_UNDECLARED_SELECTOR = YES;
				GCC_WARN_UNINITIALIZED_AUTOS = YES_AGGRESSIVE;
				GCC_WARN_UNUSED_FUNCTION = YES;
				GCC_WARN_UNUSED_VARIABLE = YES;
				IPHONEOS_DEPLOYMENT_TARGET = 14.1;
				MTL_ENABLE_DEBUG_INFO = INCLUDE_SOURCE;
				MTL_FAST_MATH = YES;
				ONLY_ACTIVE_ARCH = YES;
				SDKROOT = iphoneos;
				SWIFT_ACTIVE_COMPILATION_CONDITIONS = DEBUG;
				SWIFT_OPTIMIZATION_LEVEL = "-Onone";
			};
			name = Debug;
		};
		7555FFA4242A565B00829871 /* Release */ = {
			isa = XCBuildConfiguration;
			buildSettings = {
				ALWAYS_SEARCH_USER_PATHS = NO;
				CLANG_ANALYZER_LOCALIZABILITY_NONLOCALIZED = YES;
				CLANG_ANALYZER_NONNULL = YES;
				CLANG_ANALYZER_NUMBER_OBJECT_CONVERSION = YES_AGGRESSIVE;
				CLANG_CXX_LANGUAGE_STANDARD = "gnu++14";
				CLANG_CXX_LIBRARY = "libc++";
				CLANG_ENABLE_MODULES = YES;
				CLANG_ENABLE_OBJC_ARC = YES;
				CLANG_ENABLE_OBJC_WEAK = YES;
				CLANG_WARN_BLOCK_CAPTURE_AUTORELEASING = YES;
				CLANG_WARN_BOOL_CONVERSION = YES;
				CLANG_WARN_COMMA = YES;
				CLANG_WARN_CONSTANT_CONVERSION = YES;
				CLANG_WARN_DEPRECATED_OBJC_IMPLEMENTATIONS = YES;
				CLANG_WARN_DIRECT_OBJC_ISA_USAGE = YES_ERROR;
				CLANG_WARN_DOCUMENTATION_COMMENTS = YES;
				CLANG_WARN_EMPTY_BODY = YES;
				CLANG_WARN_ENUM_CONVERSION = YES;
				CLANG_WARN_INFINITE_RECURSION = YES;
				CLANG_WARN_INT_CONVERSION = YES;
				CLANG_WARN_NON_LITERAL_NULL_CONVERSION = YES;
				CLANG_WARN_OBJC_IMPLICIT_RETAIN_SELF = YES;
				CLANG_WARN_OBJC_LITERAL_CONVERSION = YES;
				CLANG_WARN_OBJC_ROOT_CLASS = YES_ERROR;
				CLANG_WARN_QUOTED_INCLUDE_IN_FRAMEWORK_HEADER = YES;
				CLANG_WARN_RANGE_LOOP_ANALYSIS = YES;
				CLANG_WARN_STRICT_PROTOTYPES = YES;
				CLANG_WARN_SUSPICIOUS_MOVE = YES;
				CLANG_WARN_UNGUARDED_AVAILABILITY = YES_AGGRESSIVE;
				CLANG_WARN_UNREACHABLE_CODE = YES;
				CLANG_WARN__DUPLICATE_METHOD_MATCH = YES;
				COPY_PHASE_STRIP = NO;
				DEBUG_INFORMATION_FORMAT = "dwarf-with-dsym";
				ENABLE_NS_ASSERTIONS = NO;
				ENABLE_STRICT_OBJC_MSGSEND = YES;
				GCC_C_LANGUAGE_STANDARD = gnu11;
				GCC_NO_COMMON_BLOCKS = YES;
				GCC_WARN_64_TO_32_BIT_CONVERSION = YES;
				GCC_WARN_ABOUT_RETURN_TYPE = YES_ERROR;
				GCC_WARN_UNDECLARED_SELECTOR = YES;
				GCC_WARN_UNINITIALIZED_AUTOS = YES_AGGRESSIVE;
				GCC_WARN_UNUSED_FUNCTION = YES;
				GCC_WARN_UNUSED_VARIABLE = YES;
				IPHONEOS_DEPLOYMENT_TARGET = 14.1;
				MTL_ENABLE_DEBUG_INFO = NO;
				MTL_FAST_MATH = YES;
				SDKROOT = iphoneos;
				SWIFT_COMPILATION_MODE = wholemodule;
				SWIFT_OPTIMIZATION_LEVEL = "-O";
				VALIDATE_PRODUCT = YES;
			};
			name = Release;
		};
		7555FFA6242A565B00829871 /* Debug */ = {
			isa = XCBuildConfiguration;
			baseConfigurationReference = 5D1B3660055ED13973AD9015 /* Pods-iosApp.debug.xcconfig */;
			buildSettings = {
				ASSETCATALOG_COMPILER_APPICON_NAME = AppIcon;
				CODE_SIGN_STYLE = Automatic;
				DEVELOPMENT_ASSET_PATHS = "\"iosApp/Preview Content\"";
				ENABLE_PREVIEWS = YES;
				INFOPLIST_FILE = iosApp/Info.plist;
				LD_RUNPATH_SEARCH_PATHS = (
					"$(inherited)",
					"@executable_path/Frameworks",
				);
				OTHER_LDFLAGS = (
					"$(inherited)",
					"-ObjC",
					"-l\"c++\"",
					"-framework",
					"\"shared\"",
					"-lsqlite3",
				);
				PRODUCT_BUNDLE_IDENTIFIER = orgIdentifier.iosApp;
				PRODUCT_NAME = "$(TARGET_NAME)";
				SWIFT_VERSION = 5.0;
				TARGETED_DEVICE_FAMILY = "1,2";
			};
			name = Debug;
		};
		7555FFA7242A565B00829871 /* Release */ = {
			isa = XCBuildConfiguration;
			baseConfigurationReference = 8FDA6E1E462E69A5569652D0 /* Pods-iosApp.release.xcconfig */;
			buildSettings = {
				ASSETCATALOG_COMPILER_APPICON_NAME = AppIcon;
				CODE_SIGN_STYLE = Automatic;
				DEVELOPMENT_ASSET_PATHS = "\"iosApp/Preview Content\"";
				ENABLE_PREVIEWS = YES;
				INFOPLIST_FILE = iosApp/Info.plist;
				LD_RUNPATH_SEARCH_PATHS = (
					"$(inherited)",
					"@executable_path/Frameworks",
				);
				OTHER_LDFLAGS = (
					"$(inherited)",
					"-ObjC",
					"-l\"c++\"",
					"-framework",
					"\"shared\"",
					"-lsqlite3",
				);
				PRODUCT_BUNDLE_IDENTIFIER = orgIdentifier.iosApp;
				PRODUCT_NAME = "$(TARGET_NAME)";
				SWIFT_VERSION = 5.0;
				TARGETED_DEVICE_FAMILY = "1,2";
			};
			name = Release;
		};
/* End XCBuildConfiguration section */

/* Begin XCConfigurationList section */
		7555FF76242A565900829871 /* Build configuration list for PBXProject "iosApp" */ = {
			isa = XCConfigurationList;
			buildConfigurations = (
				7555FFA3242A565B00829871 /* Debug */,
				7555FFA4242A565B00829871 /* Release */,
			);
			defaultConfigurationIsVisible = 0;
			defaultConfigurationName = Release;
		};
		7555FFA5242A565B00829871 /* Build configuration list for PBXNativeTarget "iosApp" */ = {
			isa = XCConfigurationList;
			buildConfigurations = (
				7555FFA6242A565B00829871 /* Debug */,
				7555FFA7242A565B00829871 /* Release */,
			);
			defaultConfigurationIsVisible = 0;
			defaultConfigurationName = Release;
		};
/* End XCConfigurationList section */
	};
	rootObject = 7555FF73242A565900829871 /* Project object */;
}
